// !$*UTF8*$!
{
	archiveVersion = 1;
	classes = {
	};
	objectVersion = 46;
	objects = {

/* Begin PBXBuildFile section */
		146493121A945E2300AB7873 /* TaskDetailViewController.swift in Sources */ = {isa = PBXBuildFile; fileRef = 146493111A945E2300AB7873 /* TaskDetailViewController.swift */; };
		1499F8221A926F8B00DA5E0B /* AppDelegate.swift in Sources */ = {isa = PBXBuildFile; fileRef = 1499F8211A926F8B00DA5E0B /* AppDelegate.swift */; };
		1499F8241A926F8B00DA5E0B /* ViewController.swift in Sources */ = {isa = PBXBuildFile; fileRef = 1499F8231A926F8B00DA5E0B /* ViewController.swift */; };
		1499F8271A926F8B00DA5E0B /* Main.storyboard in Resources */ = {isa = PBXBuildFile; fileRef = 1499F8251A926F8B00DA5E0B /* Main.storyboard */; };
		1499F8291A926F8B00DA5E0B /* Images.xcassets in Resources */ = {isa = PBXBuildFile; fileRef = 1499F8281A926F8B00DA5E0B /* Images.xcassets */; };
		1499F82C1A926F8B00DA5E0B /* LaunchScreen.xib in Resources */ = {isa = PBXBuildFile; fileRef = 1499F82A1A926F8B00DA5E0B /* LaunchScreen.xib */; };
		1499F8381A926F8B00DA5E0B /* TaskItTests.swift in Sources */ = {isa = PBXBuildFile; fileRef = 1499F8371A926F8B00DA5E0B /* TaskItTests.swift */; };
		1499F8421A92760600DA5E0B /* TaskCell.swift in Sources */ = {isa = PBXBuildFile; fileRef = 1499F8411A92760600DA5E0B /* TaskCell.swift */; };
		149C11A81A95A83B008520FF /* Date.swift in Sources */ = {isa = PBXBuildFile; fileRef = 149C11A71A95A83B008520FF /* Date.swift */; };
		149C11AA1A95AD11008520FF /* AddTaskViewController.swift in Sources */ = {isa = PBXBuildFile; fileRef = 149C11A91A95AD11008520FF /* AddTaskViewController.swift */; };
		14AD48401A98D8D300DA1E43 /* CoreData.framework in Frameworks */ = {isa = PBXBuildFile; fileRef = 14AD483F1A98D8D300DA1E43 /* CoreData.framework */; settings = {ATTRIBUTES = (Required, ); }; };
		14AD48431A98FA5900DA1E43 /* TaskItModel.xcdatamodeld in Sources */ = {isa = PBXBuildFile; fileRef = 14AD48411A98FA5900DA1E43 /* TaskItModel.xcdatamodeld */; };
		14AD48451A98FB4300DA1E43 /* TaskModel.swift in Sources */ = {isa = PBXBuildFile; fileRef = 14AD48441A98FB4300DA1E43 /* TaskModel.swift */; };
/* End PBXBuildFile section */

/* Begin PBXContainerItemProxy section */
		1499F8321A926F8B00DA5E0B /* PBXContainerItemProxy */ = {
			isa = PBXContainerItemProxy;
			containerPortal = 1499F8141A926F8B00DA5E0B /* Project object */;
			proxyType = 1;
			remoteGlobalIDString = 1499F81B1A926F8B00DA5E0B;
			remoteInfo = TaskIt;
		};
/* End PBXContainerItemProxy section */

/* Begin PBXFileReference section */
		146493111A945E2300AB7873 /* TaskDetailViewController.swift */ = {isa = PBXFileReference; fileEncoding = 4; lastKnownFileType = sourcecode.swift; name = TaskDetailViewController.swift; path = ../TaskDetailViewController.swift; sourceTree = "<group>"; };
		1499F81C1A926F8B00DA5E0B /* TaskIt.app */ = {isa = PBXFileReference; explicitFileType = wrapper.application; includeInIndex = 0; path = TaskIt.app; sourceTree = BUILT_PRODUCTS_DIR; };
		1499F8201A926F8B00DA5E0B /* Info.plist */ = {isa = PBXFileReference; lastKnownFileType = text.plist.xml; path = Info.plist; sourceTree = "<group>"; };
		1499F8211A926F8B00DA5E0B /* AppDelegate.swift */ = {isa = PBXFileReference; lastKnownFileType = sourcecode.swift; path = AppDelegate.swift; sourceTree = "<group>"; };
		1499F8231A926F8B00DA5E0B /* ViewController.swift */ = {isa = PBXFileReference; lastKnownFileType = sourcecode.swift; path = ViewController.swift; sourceTree = "<group>"; };
		1499F8261A926F8B00DA5E0B /* Base */ = {isa = PBXFileReference; lastKnownFileType = file.storyboard; name = Base; path = Base.lproj/Main.storyboard; sourceTree = "<group>"; };
		1499F8281A926F8B00DA5E0B /* Images.xcassets */ = {isa = PBXFileReference; lastKnownFileType = folder.assetcatalog; path = Images.xcassets; sourceTree = "<group>"; };
		1499F82B1A926F8B00DA5E0B /* Base */ = {isa = PBXFileReference; lastKnownFileType = file.xib; name = Base; path = Base.lproj/LaunchScreen.xib; sourceTree = "<group>"; };
		1499F8311A926F8B00DA5E0B /* TaskItTests.xctest */ = {isa = PBXFileReference; explicitFileType = wrapper.cfbundle; includeInIndex = 0; path = TaskItTests.xctest; sourceTree = BUILT_PRODUCTS_DIR; };
		1499F8361A926F8B00DA5E0B /* Info.plist */ = {isa = PBXFileReference; lastKnownFileType = text.plist.xml; path = Info.plist; sourceTree = "<group>"; };
		1499F8371A926F8B00DA5E0B /* TaskItTests.swift */ = {isa = PBXFileReference; lastKnownFileType = sourcecode.swift; path = TaskItTests.swift; sourceTree = "<group>"; };
		1499F8411A92760600DA5E0B /* TaskCell.swift */ = {isa = PBXFileReference; fileEncoding = 4; lastKnownFileType = sourcecode.swift; path = TaskCell.swift; sourceTree = "<group>"; };
		149C11A71A95A83B008520FF /* Date.swift */ = {isa = PBXFileReference; fileEncoding = 4; lastKnownFileType = sourcecode.swift; path = Date.swift; sourceTree = "<group>"; };
		149C11A91A95AD11008520FF /* AddTaskViewController.swift */ = {isa = PBXFileReference; fileEncoding = 4; lastKnownFileType = sourcecode.swift; path = AddTaskViewController.swift; sourceTree = "<group>"; };
		14AD483F1A98D8D300DA1E43 /* CoreData.framework */ = {isa = PBXFileReference; lastKnownFileType = wrapper.framework; name = CoreData.framework; path = System/Library/Frameworks/CoreData.framework; sourceTree = SDKROOT; };
		14AD48421A98FA5900DA1E43 /* TaskItModel.xcdatamodel */ = {isa = PBXFileReference; lastKnownFileType = wrapper.xcdatamodel; path = TaskItModel.xcdatamodel; sourceTree = "<group>"; };
		14AD48441A98FB4300DA1E43 /* TaskModel.swift */ = {isa = PBXFileReference; fileEncoding = 4; lastKnownFileType = sourcecode.swift; name = TaskModel.swift; path = ../TaskModel.swift; sourceTree = "<group>"; };
/* End PBXFileReference section */

/* Begin PBXFrameworksBuildPhase section */
		1499F8191A926F8B00DA5E0B /* Frameworks */ = {
			isa = PBXFrameworksBuildPhase;
			buildActionMask = 2147483647;
			files = (
				14AD48401A98D8D300DA1E43 /* CoreData.framework in Frameworks */,
			);
			runOnlyForDeploymentPostprocessing = 0;
		};
		1499F82E1A926F8B00DA5E0B /* Frameworks */ = {
			isa = PBXFrameworksBuildPhase;
			buildActionMask = 2147483647;
			files = (
			);
			runOnlyForDeploymentPostprocessing = 0;
		};
/* End PBXFrameworksBuildPhase section */

/* Begin PBXGroup section */
		1499F8131A926F8B00DA5E0B = {
			isa = PBXGroup;
			children = (
				1499F81E1A926F8B00DA5E0B /* TaskIt */,
				1499F8341A926F8B00DA5E0B /* TaskItTests */,
				1499F81D1A926F8B00DA5E0B /* Products */,
			);
			sourceTree = "<group>";
		};
		1499F81D1A926F8B00DA5E0B /* Products */ = {
			isa = PBXGroup;
			children = (
				1499F81C1A926F8B00DA5E0B /* TaskIt.app */,
				1499F8311A926F8B00DA5E0B /* TaskItTests.xctest */,
			);
			name = Products;
			sourceTree = "<group>";
		};
		1499F81E1A926F8B00DA5E0B /* TaskIt */ = {
			isa = PBXGroup;
			children = (
				14AD48441A98FB4300DA1E43 /* TaskModel.swift */,
				149C11A71A95A83B008520FF /* Date.swift */,
				1499F8211A926F8B00DA5E0B /* AppDelegate.swift */,
				1499F8231A926F8B00DA5E0B /* ViewController.swift */,
				146493111A945E2300AB7873 /* TaskDetailViewController.swift */,
				149C11A91A95AD11008520FF /* AddTaskViewController.swift */,
				1499F8411A92760600DA5E0B /* TaskCell.swift */,
				14AD48411A98FA5900DA1E43 /* TaskItModel.xcdatamodeld */,
				1499F8251A926F8B00DA5E0B /* Main.storyboard */,
				1499F8281A926F8B00DA5E0B /* Images.xcassets */,
				1499F82A1A926F8B00DA5E0B /* LaunchScreen.xib */,
				1499F81F1A926F8B00DA5E0B /* Supporting Files */,
			);
			path = TaskIt;
			sourceTree = "<group>";
		};
		1499F81F1A926F8B00DA5E0B /* Supporting Files */ = {
			isa = PBXGroup;
			children = (
				14AD483F1A98D8D300DA1E43 /* CoreData.framework */,
				1499F8201A926F8B00DA5E0B /* Info.plist */,
			);
			name = "Supporting Files";
			sourceTree = "<group>";
		};
		1499F8341A926F8B00DA5E0B /* TaskItTests */ = {
			isa = PBXGroup;
			children = (
				1499F8371A926F8B00DA5E0B /* TaskItTests.swift */,
				1499F8351A926F8B00DA5E0B /* Supporting Files */,
			);
			path = TaskItTests;
			sourceTree = "<group>";
		};
		1499F8351A926F8B00DA5E0B /* Supporting Files */ = {
			isa = PBXGroup;
			children = (
				1499F8361A926F8B00DA5E0B /* Info.plist */,
			);
			name = "Supporting Files";
			sourceTree = "<group>";
		};
/* End PBXGroup section */

/* Begin PBXNativeTarget section */
		1499F81B1A926F8B00DA5E0B /* TaskIt */ = {
			isa = PBXNativeTarget;
			buildConfigurationList = 1499F83B1A926F8B00DA5E0B /* Build configuration list for PBXNativeTarget "TaskIt" */;
			buildPhases = (
				1499F8181A926F8B00DA5E0B /* Sources */,
				1499F8191A926F8B00DA5E0B /* Frameworks */,
				1499F81A1A926F8B00DA5E0B /* Resources */,
			);
			buildRules = (
			);
			dependencies = (
			);
			name = TaskIt;
			productName = TaskIt;
			productReference = 1499F81C1A926F8B00DA5E0B /* TaskIt.app */;
			productType = "com.apple.product-type.application";
		};
		1499F8301A926F8B00DA5E0B /* TaskItTests */ = {
			isa = PBXNativeTarget;
			buildConfigurationList = 1499F83E1A926F8B00DA5E0B /* Build configuration list for PBXNativeTarget "TaskItTests" */;
			buildPhases = (
				1499F82D1A926F8B00DA5E0B /* Sources */,
				1499F82E1A926F8B00DA5E0B /* Frameworks */,
				1499F82F1A926F8B00DA5E0B /* Resources */,
			);
			buildRules = (
			);
			dependencies = (
				1499F8331A926F8B00DA5E0B /* PBXTargetDependency */,
			);
			name = TaskItTests;
			productName = TaskItTests;
			productReference = 1499F8311A926F8B00DA5E0B /* TaskItTests.xctest */;
			productType = "com.apple.product-type.bundle.unit-test";
		};
/* End PBXNativeTarget section */

/* Begin PBXProject section */
		1499F8141A926F8B00DA5E0B /* Project object */ = {
			isa = PBXProject;
			attributes = {
				LastUpgradeCheck = 0610;
				ORGANIZATIONNAME = "Ben Blanchard";
				TargetAttributes = {
					1499F81B1A926F8B00DA5E0B = {
						CreatedOnToolsVersion = 6.1.1;
					};
					1499F8301A926F8B00DA5E0B = {
						CreatedOnToolsVersion = 6.1.1;
						TestTargetID = 1499F81B1A926F8B00DA5E0B;
					};
				};
			};
			buildConfigurationList = 1499F8171A926F8B00DA5E0B /* Build configuration list for PBXProject "TaskIt" */;
			compatibilityVersion = "Xcode 3.2";
			developmentRegion = English;
			hasScannedForEncodings = 0;
			knownRegions = (
				en,
				Base,
			);
			mainGroup = 1499F8131A926F8B00DA5E0B;
			productRefGroup = 1499F81D1A926F8B00DA5E0B /* Products */;
			projectDirPath = "";
			projectRoot = "";
			targets = (
				1499F81B1A926F8B00DA5E0B /* TaskIt */,
				1499F8301A926F8B00DA5E0B /* TaskItTests */,
			);
		};
/* End PBXProject section */

/* Begin PBXResourcesBuildPhase section */
		1499F81A1A926F8B00DA5E0B /* Resources */ = {
			isa = PBXResourcesBuildPhase;
			buildActionMask = 2147483647;
			files = (
				1499F8271A926F8B00DA5E0B /* Main.storyboard in Resources */,
				1499F82C1A926F8B00DA5E0B /* LaunchScreen.xib in Resources */,
				1499F8291A926F8B00DA5E0B /* Images.xcassets in Resources */,
			);
			runOnlyForDeploymentPostprocessing = 0;
		};
		1499F82F1A926F8B00DA5E0B /* Resources */ = {
			isa = PBXResourcesBuildPhase;
			buildActionMask = 2147483647;
			files = (
			);
			runOnlyForDeploymentPostprocessing = 0;
		};
/* End PBXResourcesBuildPhase section */

/* Begin PBXSourcesBuildPhase section */
		1499F8181A926F8B00DA5E0B /* Sources */ = {
			isa = PBXSourcesBuildPhase;
			buildActionMask = 2147483647;
			files = (
				1499F8241A926F8B00DA5E0B /* ViewController.swift in Sources */,
				14AD48431A98FA5900DA1E43 /* TaskItModel.xcdatamodeld in Sources */,
				149C11A81A95A83B008520FF /* Date.swift in Sources */,
				1499F8421A92760600DA5E0B /* TaskCell.swift in Sources */,
				1499F8221A926F8B00DA5E0B /* AppDelegate.swift in Sources */,
				146493121A945E2300AB7873 /* TaskDetailViewController.swift in Sources */,
				14AD48451A98FB4300DA1E43 /* TaskModel.swift in Sources */,
				149C11AA1A95AD11008520FF /* AddTaskViewController.swift in Sources */,
			);
			runOnlyForDeploymentPostprocessing = 0;
		};
		1499F82D1A926F8B00DA5E0B /* Sources */ = {
			isa = PBXSourcesBuildPhase;
			buildActionMask = 2147483647;
			files = (
				1499F8381A926F8B00DA5E0B /* TaskItTests.swift in Sources */,
			);
			runOnlyForDeploymentPostprocessing = 0;
		};
/* End PBXSourcesBuildPhase section */

/* Begin PBXTargetDependency section */
		1499F8331A926F8B00DA5E0B /* PBXTargetDependency */ = {
			isa = PBXTargetDependency;
			target = 1499F81B1A926F8B00DA5E0B /* TaskIt */;
			targetProxy = 1499F8321A926F8B00DA5E0B /* PBXContainerItemProxy */;
		};
/* End PBXTargetDependency section */

/* Begin PBXVariantGroup section */
		1499F8251A926F8B00DA5E0B /* Main.storyboard */ = {
			isa = PBXVariantGroup;
			children = (
				1499F8261A926F8B00DA5E0B /* Base */,
			);
			name = Main.storyboard;
			sourceTree = "<group>";
		};
		1499F82A1A926F8B00DA5E0B /* LaunchScreen.xib */ = {
			isa = PBXVariantGroup;
			children = (
				1499F82B1A926F8B00DA5E0B /* Base */,
			);
			name = LaunchScreen.xib;
			sourceTree = "<group>";
		};
/* End PBXVariantGroup section */

/* Begin XCBuildConfiguration section */
		1499F8391A926F8B00DA5E0B /* Debug */ = {
			isa = XCBuildConfiguration;
			buildSettings = {
				ALWAYS_SEARCH_USER_PATHS = NO;
				CLANG_CXX_LANGUAGE_STANDARD = "gnu++0x";
				CLANG_CXX_LIBRARY = "libc++";
				CLANG_ENABLE_MODULES = YES;
				CLANG_ENABLE_OBJC_ARC = YES;
				CLANG_WARN_BOOL_CONVERSION = YES;
				CLANG_WARN_CONSTANT_CONVERSION = YES;
				CLANG_WARN_DIRECT_OBJC_ISA_USAGE = YES_ERROR;
				CLANG_WARN_EMPTY_BODY = YES;
				CLANG_WARN_ENUM_CONVERSION = YES;
				CLANG_WARN_INT_CONVERSION = YES;
				CLANG_WARN_OBJC_ROOT_CLASS = YES_ERROR;
				CLANG_WARN_UNREACHABLE_CODE = YES;
				CLANG_WARN__DUPLICATE_METHOD_MATCH = YES;
				"CODE_SIGN_IDENTITY[sdk=iphoneos*]" = "iPhone Developer";
				COPY_PHASE_STRIP = NO;
				ENABLE_STRICT_OBJC_MSGSEND = YES;
				GCC_C_LANGUAGE_STANDARD = gnu99;
				GCC_DYNAMIC_NO_PIC = NO;
				GCC_OPTIMIZATION_LEVEL = 0;
				GCC_PREPROCESSOR_DEFINITIONS = (
					"DEBUG=1",
					"$(inherited)",
				);
				GCC_SYMBOLS_PRIVATE_EXTERN = NO;
				GCC_WARN_64_TO_32_BIT_CONVERSION = YES;
				GCC_WARN_ABOUT_RETURN_TYPE = YES_ERROR;
				GCC_WARN_UNDECLARED_SELECTOR = YES;
				GCC_WARN_UNINITIALIZED_AUTOS = YES_AGGRESSIVE;
				GCC_WARN_UNUSED_FUNCTION = YES;
				GCC_WARN_UNUSED_VARIABLE = YES;
				IPHONEOS_DEPLOYMENT_TARGET = 8.1;
				MTL_ENABLE_DEBUG_INFO = YES;
				ONLY_ACTIVE_ARCH = YES;
				SDKROOT = iphoneos;
				SWIFT_OPTIMIZATION_LEVEL = "-Onone";
				TARGETED_DEVICE_FAMILY = "1,2";
			};
			name = Debug;
		};
		1499F83A1A926F8B00DA5E0B /* Release */ = {
			isa = XCBuildConfiguration;
			buildSettings = {
				ALWAYS_SEARCH_USER_PATHS = NO;
				CLANG_CXX_LANGUAGE_STANDARD = "gnu++0x";
				CLANG_CXX_LIBRARY = "libc++";
				CLANG_ENABLE_MODULES = YES;
				CLANG_ENABLE_OBJC_ARC = YES;
				CLANG_WARN_BOOL_CONVERSION = YES;
				CLANG_WARN_CONSTANT_CONVERSION = YES;
				CLANG_WARN_DIRECT_OBJC_ISA_USAGE = YES_ERROR;
				CLANG_WARN_EMPTY_BODY = YES;
				CLANG_WARN_ENUM_CONVERSION = YES;
				CLANG_WARN_INT_CONVERSION = YES;
				CLANG_WARN_OBJC_ROOT_CLASS = YES_ERROR;
				CLANG_WARN_UNREACHABLE_CODE = YES;
				CLANG_WARN__DUPLICATE_METHOD_MATCH = YES;
				"CODE_SIGN_IDENTITY[sdk=iphoneos*]" = "iPhone Developer";
				COPY_PHASE_STRIP = YES;
				ENABLE_NS_ASSERTIONS = NO;
				ENABLE_STRICT_OBJC_MSGSEND = YES;
				GCC_C_LANGUAGE_STANDARD = gnu99;
				GCC_WARN_64_TO_32_BIT_CONVERSION = YES;
				GCC_WARN_ABOUT_RETURN_TYPE = YES_ERROR;
				GCC_WARN_UNDECLARED_SELECTOR = YES;
				GCC_WARN_UNINITIALIZED_AUTOS = YES_AGGRESSIVE;
				GCC_WARN_UNUSED_FUNCTION = YES;
				GCC_WARN_UNUSED_VARIABLE = YES;
				IPHONEOS_DEPLOYMENT_TARGET = 8.1;
				MTL_ENABLE_DEBUG_INFO = NO;
				SDKROOT = iphoneos;
				TARGETED_DEVICE_FAMILY = "1,2";
				VALIDATE_PRODUCT = YES;
			};
			name = Release;
		};
		1499F83C1A926F8B00DA5E0B /* Debug */ = {
			isa = XCBuildConfiguration;
			buildSettings = {
				ASSETCATALOG_COMPILER_APPICON_NAME = AppIcon;
				INFOPLIST_FILE = TaskIt/Info.plist;
				LD_RUNPATH_SEARCH_PATHS = "$(inherited) @executable_path/Frameworks";
				PRODUCT_NAME = "$(TARGET_NAME)";
			};
			name = Debug;
		};
		1499F83D1A926F8B00DA5E0B /* Release */ = {
			isa = XCBuildConfiguration;
			buildSettings = {
				ASSETCATALOG_COMPILER_APPICON_NAME = AppIcon;
				INFOPLIST_FILE = TaskIt/Info.plist;
				LD_RUNPATH_SEARCH_PATHS = "$(inherited) @executable_path/Frameworks";
				PRODUCT_NAME = "$(TARGET_NAME)";
			};
			name = Release;
		};
		1499F83F1A926F8B00DA5E0B /* Debug */ = {
			isa = XCBuildConfiguration;
			buildSettings = {
				BUNDLE_LOADER = "$(TEST_HOST)";
				FRAMEWORK_SEARCH_PATHS = (
					"$(SDKROOT)/Developer/Library/Frameworks",
					"$(inherited)",
				);
				GCC_PREPROCESSOR_DEFINITIONS = (
					"DEBUG=1",
					"$(inherited)",
				);
				INFOPLIST_FILE = TaskItTests/Info.plist;
				LD_RUNPATH_SEARCH_PATHS = "$(inherited) @executable_path/Frameworks @loader_path/Frameworks";
				PRODUCT_NAME = "$(TARGET_NAME)";
				TEST_HOST = "$(BUILT_PRODUCTS_DIR)/TaskIt.app/TaskIt";
			};
			name = Debug;
		};
		1499F8401A926F8B00DA5E0B /* Release */ = {
			isa = XCBuildConfiguration;
			buildSettings = {
				BUNDLE_LOADER = "$(TEST_HOST)";
				FRAMEWORK_SEARCH_PATHS = (
					"$(SDKROOT)/Developer/Library/Frameworks",
					"$(inherited)",
				);
				INFOPLIST_FILE = TaskItTests/Info.plist;
				LD_RUNPATH_SEARCH_PATHS = "$(inherited) @executable_path/Frameworks @loader_path/Frameworks";
				PRODUCT_NAME = "$(TARGET_NAME)";
				TEST_HOST = "$(BUILT_PRODUCTS_DIR)/TaskIt.app/TaskIt";
			};
			name = Release;
		};
/* End XCBuildConfiguration section */

/* Begin XCConfigurationList section */
		1499F8171A926F8B00DA5E0B /* Build configuration list for PBXProject "TaskIt" */ = {
			isa = XCConfigurationList;
			buildConfigurations = (
				1499F8391A926F8B00DA5E0B /* Debug */,
				1499F83A1A926F8B00DA5E0B /* Release */,
			);
			defaultConfigurationIsVisible = 0;
			defaultConfigurationName = Release;
		};
		1499F83B1A926F8B00DA5E0B /* Build configuration list for PBXNativeTarget "TaskIt" */ = {
			isa = XCConfigurationList;
			buildConfigurations = (
				1499F83C1A926F8B00DA5E0B /* Debug */,
				1499F83D1A926F8B00DA5E0B /* Release */,
			);
			defaultConfigurationIsVisible = 0;
			defaultConfigurationName = Release;
		};
		1499F83E1A926F8B00DA5E0B /* Build configuration list for PBXNativeTarget "TaskItTests" */ = {
			isa = XCConfigurationList;
			buildConfigurations = (
				1499F83F1A926F8B00DA5E0B /* Debug */,
				1499F8401A926F8B00DA5E0B /* Release */,
			);
			defaultConfigurationIsVisible = 0;
			defaultConfigurationName = Release;
		};
/* End XCConfigurationList section */

/* Begin XCVersionGroup section */
		14AD48411A98FA5900DA1E43 /* TaskItModel.xcdatamodeld */ = {
			isa = XCVersionGroup;
			children = (
				14AD48421A98FA5900DA1E43 /* TaskItModel.xcdatamodel */,
			);
			currentVersion = 14AD48421A98FA5900DA1E43 /* TaskItModel.xcdatamodel */;
			path = TaskItModel.xcdatamodeld;
			sourceTree = "<group>";
			versionGroupType = wrapper.xcdatamodel;
		};
/* End XCVersionGroup section */
	};
	rootObject = 1499F8141A926F8B00DA5E0B /* Project object */;
}
